
Microsoft Visual Studio Solution File, Format Version 12.00
# Visual Studio Version 17
VisualStudioVersion = 17.0.31903.59
MinimumVisualStudioVersion = 10.0.40219.1
Project("{FAE04EC0-301F-11D3-BF4B-00C04F79EFBC}") = "diamond.memory.Api", "diamond.memory.Api\diamond.memory.Api.csproj", "{0D415EF1-234B-4FC7-BEDF-393EA7A32152}"
EndProject
Project("{FAE04EC0-301F-11D3-BF4B-00C04F79EFBC}") = "diamond.memory.Domain", "diamond.memory.Domain\diamond.memory.Domain.csproj", "{06219E77-CB7A-4275-8738-524BDC0282E3}"
EndProject
Project("{FAE04EC0-301F-11D3-BF4B-00C04F79EFBC}") = "diamond.memory.Data", "diamond.memory.Data\diamond.memory.Data.csproj", "{8D6FE79A-B9B5-47CC-9095-F09EC6691868}"
EndProject
Project("{2150E333-8FDC-42A3-9474-1A3956D46DE8}") = "tests", "tests", "{E2E55BE2-CB39-4E0A-B7DF-397B61A6AFCD}"
EndProject
Project("{FAE04EC0-301F-11D3-BF4B-00C04F79EFBC}") = "diamond.memory.Domain.Tests", "tests\diamond.memory.Domain.Tests\diamond.memory.Domain.Tests.csproj", "{67805772-3320-4E5A-B4CB-202A9E3F37A2}"
EndProject
Global
	GlobalSection(SolutionConfigurationPlatforms) = preSolution
		Debug|Any CPU = Debug|Any CPU
		Release|Any CPU = Release|Any CPU
	EndGlobalSection
	GlobalSection(SolutionProperties) = preSolution
		HideSolutionNode = FALSE
	EndGlobalSection
	GlobalSection(ProjectConfigurationPlatforms) = postSolution
		{0D415EF1-234B-4FC7-BEDF-393EA7A32152}.Debug|Any CPU.ActiveCfg = Debug|Any CPU
		{0D415EF1-234B-4FC7-BEDF-393EA7A32152}.Debug|Any CPU.Build.0 = Debug|Any CPU
		{0D415EF1-234B-4FC7-BEDF-393EA7A32152}.Release|Any CPU.ActiveCfg = Release|Any CPU
		{0D415EF1-234B-4FC7-BEDF-393EA7A32152}.Release|Any CPU.Build.0 = Release|Any CPU
		{06219E77-CB7A-4275-8738-524BDC0282E3}.Debug|Any CPU.ActiveCfg = Debug|Any CPU
		{06219E77-CB7A-4275-8738-524BDC0282E3}.Debug|Any CPU.Build.0 = Debug|Any CPU
		{06219E77-CB7A-4275-8738-524BDC0282E3}.Release|Any CPU.ActiveCfg = Release|Any CPU
		{06219E77-CB7A-4275-8738-524BDC0282E3}.Release|Any CPU.Build.0 = Release|Any CPU
		{8D6FE79A-B9B5-47CC-9095-F09EC6691868}.Debug|Any CPU.ActiveCfg = Debug|Any CPU
		{8D6FE79A-B9B5-47CC-9095-F09EC6691868}.Debug|Any CPU.Build.0 = Debug|Any CPU
		{8D6FE79A-B9B5-47CC-9095-F09EC6691868}.Release|Any CPU.ActiveCfg = Release|Any CPU
		{8D6FE79A-B9B5-47CC-9095-F09EC6691868}.Release|Any CPU.Build.0 = Release|Any CPU
		{67805772-3320-4E5A-B4CB-202A9E3F37A2}.Debug|Any CPU.ActiveCfg = Debug|Any CPU
		{67805772-3320-4E5A-B4CB-202A9E3F37A2}.Debug|Any CPU.Build.0 = Debug|Any CPU
		{67805772-3320-4E5A-B4CB-202A9E3F37A2}.Release|Any CPU.ActiveCfg = Release|Any CPU
		{67805772-3320-4E5A-B4CB-202A9E3F37A2}.Release|Any CPU.Build.0 = Release|Any CPU
	EndGlobalSection
	GlobalSection(NestedProjects) = preSolution
		{67805772-3320-4E5A-B4CB-202A9E3F37A2} = {E2E55BE2-CB39-4E0A-B7DF-397B61A6AFCD}
	EndGlobalSection
EndGlobal
